version = 1
revision = 3
requires-python = ">=3.14"

[[package]]
name = "certifi"
version = "2026.7.22"
source = { registry = "https://pypi.org/simple" }
sdist = { url = "https://files.pythonhosted.org/packages/a3/c2/24167ea9858356b47a87a50d39908bfdb72ceeefe0041586e704e5376b3a/certifi-2026.7.22.tar.gz", hash = "sha256:741e2c3b351ddf169a738da9f2c048608ff7f2c5cc02f1ebc6b118bb090d5d55", size = 138112, upload-time = "2026-07-22T03:35:12.644Z" }
wheels = [
    { url = "https://files.pythonhosted.org/packages/0b/a7/71ac2cff56fec219ed242bb11b8efb69fcc4bec75db06fb7bfe35de520e6/certifi-2026.7.22-py3-none-any.whl", hash = "sha256:62f22742b58a1a33014a2b6b706588a8d7e2a88ae7bd1a6ebe8c992928483775", size = 136983, upload-time = "2026-07-22T03:35:11.276Z" },
]

[[package]]
name = "elastic-transport"
version = "8.19.0"
source = { registry = "https://pypi.org/simple" }
dependencies = [
    { name = "certifi" },
    { name = "urllib3" },
]
sdist = { url = "https://files.pythonhosted.org/packages/fc/63/c61700c42f74d70a4ae11394c619cf91b837b500144166e828546f1fdd8d/elastic_transport-8.19.0.tar.gz", hash = "sha256:32afed2a70dad80511476c821b2cf823f35a82153289765f6b2e2eb8cb0de099", size = 76409, upload-time = "2026-07-06T16:57:01.664Z" }
wheels = [
    { url = "https://files.pythonhosted.org/packages/bd/46/a6091ee84351b61bfb55cf615e538c38c1be4cfceae12f952953eb8d446c/elastic_transport-8.19.0-py3-none-any.whl", hash = "sha256:97ab35de878c7f4c7ebf8840cbc8ff1ff01d9dbc0e977e52d82715b155678b4f", size = 65085, upload-time = "2026-07-06T16:57:00.233Z" },
]

[[package]]
name = "elasticsearch"
version = "8.15.0"
source = { registry = "https://pypi.org/simple" }
dependencies = [
    { name = "elastic-transport" },
]
sdist = { url = "https://files.pythonhosted.org/packages/ef/b0/735e07106fe67c20b95ac02feb3b843b5a36df95bdd79eac21b7d43fa34b/elasticsearch-8.15.0.tar.gz", hash = "sha256:d4702b4fa698ef154c6f1187988192343fb5505aee97fc4450a6d20df1683f35", size = 412860, upload-time = "2024-08-13T16:01:28.205Z" }
wheels = [
    { url = "https://files.pythonhosted.org/packages/ab/dc/87c47f9c42f8188d24f6c589ed0e8168a0fef7091e5ccffdbc950be7ab66/elasticsearch-8.15.0-py3-none-any.whl", hash = "sha256:7ec4d0771b8f6f76c6331e61b408261f9307264735ec7f2539f580824faaafe3", size = 523322, upload-time = "2024-08-13T16:01:23.765Z" },
]

[[package]]
name = "elasticsearch-proj"
version = "0.1.0"
source = { virtual = "." }
dependencies = [
    { name = "elasticsearch" },
    { name = "python-dotenv" },
]

[package.metadata]
requires-dist = [
    { name = "elasticsearch", specifier = "==8.15.0" },
    { name = "python-dotenv", specifier = "==1.0.1" },
]

[[package]]
name = "python-dotenv"
version = "1.0.1"
source = { registry = "https://pypi.org/simple" }
sdist = { url = "https://files.pythonhosted.org/packages/bc/57/e84d88dfe0aec03b7a2d4327012c1627ab5f03652216c63d49846d7a6c58/python-dotenv-1.0.1.tar.gz", hash = "sha256:e324ee90a023d808f1959c46bcbc04446a10ced277783dc6ee09987c37ec10ca", size = 39115, upload-time = "2024-01-23T06:33:00.505Z" }
wheels = [
    { url = "https://files.pythonhosted.org/packages/6a/3e/b68c118422ec867fa7ab88444e1274aa40681c606d59ac27de5a5588f082/python_dotenv-1.0.1-py3-none-any.whl", hash = "sha256:f7b63ef50f1b690dddf550d03497b66d609393b40b564ed0d674909a68ebf16a", size = 19863, upload-time = "2024-01-23T06:32:58.246Z" },
]

[[package]]
name = "urllib3"
version = "2.7.0"
source = { registry = "https://pypi.org/simple" }
sdist = { url = "https://files.pythonhosted.org/packages/53/0c/06f8b233b8fd13b9e5ee11424ef85419ba0d8ba0b3138bf360be2ff56953/urllib3-2.7.0.tar.gz", hash = "sha256:231e0ec3b63ceb14667c67be60f2f2c40a518cb38b03af60abc813da26505f4c", size = 433602, upload-time = "2026-05-07T16:13:18.596Z" }
wheels = [
    { url = "https://files.pythonhosted.org/packages/7f/3e/5db95bcf282c52709639744ca2a8b149baccf648e39c8cc87553df9eae0c/urllib3-2.7.0-py3-none-any.whl", hash = "sha256:9fb4c81ebbb1ce9531cce37674bbc6f1360472bc18ca9a553ede278ef7276897", size = 131087, upload-time = "2026-05-07T16:13:17.151Z" },
]
